
Microsoft Visual Studio Solution File, Format Version 12.00
# Visual Studio Version 16
VisualStudioVersion = 16.0.30011.22
MinimumVisualStudioVersion = 10.0.40219.1
Project("{FAE04EC0-301F-11D3-BF4B-00C04F79EFBC}") = "OOP_lab_1_16_1", "OOP_lab_1_16_1\OOP_lab_1_16_1.csproj", "{3F8CA2EA-474B-4887-B966-6EE9721F32C2}"
EndProject
Project("{FAE04EC0-301F-11D3-BF4B-00C04F79EFBC}") = "Test", "Test\Test.csproj", "{ABCF6C33-0A80-4028-96F3-D453780AE50D}"
EndProject
Project("{2150E333-8FDC-42A3-9474-1A3956D46DE8}") = "Solution Items", "Solution Items", "{2B5E7DB2-87B0-4A3B-92FB-EFC4B8A0D605}"
	ProjectSection(SolutionItems) = preProject
		.travis.yml = .travis.yml
	EndProjectSection
EndProject
Global
	GlobalSection(SolutionConfigurationPlatforms) = preSolution
		Debug|Any CPU = Debug|Any CPU
		Release|Any CPU = Release|Any CPU
	EndGlobalSection
	GlobalSection(ProjectConfigurationPlatforms) = postSolution
		{3F8CA2EA-474B-4887-B966-6EE9721F32C2}.Debug|Any CPU.ActiveCfg = Debug|Any CPU
		{3F8CA2EA-474B-4887-B966-6EE9721F32C2}.Debug|Any CPU.Build.0 = Debug|Any CPU
		{3F8CA2EA-474B-4887-B966-6EE9721F32C2}.Release|Any CPU.ActiveCfg = Release|Any CPU
		{3F8CA2EA-474B-4887-B966-6EE9721F32C2}.Release|Any CPU.Build.0 = Release|Any CPU
		{ABCF6C33-0A80-4028-96F3-D453780AE50D}.Debug|Any CPU.ActiveCfg = Debug|Any CPU
		{ABCF6C33-0A80-4028-96F3-D453780AE50D}.Debug|Any CPU.Build.0 = Debug|Any CPU
		{ABCF6C33-0A80-4028-96F3-D453780AE50D}.Release|Any CPU.ActiveCfg = Release|Any CPU
		{ABCF6C33-0A80-4028-96F3-D453780AE50D}.Release|Any CPU.Build.0 = Release|Any CPU
	EndGlobalSection
	GlobalSection(SolutionProperties) = preSolution
		HideSolutionNode = FALSE
	EndGlobalSection
	GlobalSection(ExtensibilityGlobals) = postSolution
		SolutionGuid = {4811D50F-D618-4FD6-A879-AE4A2CA8AA77}
	EndGlobalSection
EndGlobal
